
Microsoft Visual Studio Solution File, Format Version 12.00
# Visual Studio 14
VisualStudioVersion = 14.0.25420.1
MinimumVisualStudioVersion = 10.0.40219.1
Project("{FAE04EC0-301F-11D3-BF4B-00C04F79EFBC}") = "CapaDatosMantenimientoUsuarios", "CapaDatosMantenimientoUsuarios\CapaDatosMantenimientoUsuarios.csproj", "{6065EAC5-5EFE-4B02-8959-CFC0E5DD2C4D}"
EndProject
Project("{FAE04EC0-301F-11D3-BF4B-00C04F79EFBC}") = "CapaLogicaMantenimientoUsuarios", "CapaLogicaMantenimientoUsuarios\CapaLogicaMantenimientoUsuarios.csproj", "{7FFF7E36-E5E5-4C50-9372-8C2CE05EDCA1}"
EndProject
Project("{FAE04EC0-301F-11D3-BF4B-00C04F79EFBC}") = "CapaInterfazMantenimientoUsuarios", "CapaInterfazMantenimientoUsuarios\CapaInterfazMantenimientoUsuarios.csproj", "{320F407C-F394-4DDE-A7C7-689C0BBBD09E}"
EndProject
Global
	GlobalSection(SolutionConfigurationPlatforms) = preSolution
		Debug|Any CPU = Debug|Any CPU
		Release|Any CPU = Release|Any CPU
	EndGlobalSection
	GlobalSection(ProjectConfigurationPlatforms) = postSolution
		{6065EAC5-5EFE-4B02-8959-CFC0E5DD2C4D}.Debug|Any CPU.ActiveCfg = Debug|Any CPU
		{6065EAC5-5EFE-4B02-8959-CFC0E5DD2C4D}.Debug|Any CPU.Build.0 = Debug|Any CPU
		{6065EAC5-5EFE-4B02-8959-CFC0E5DD2C4D}.Release|Any CPU.ActiveCfg = Release|Any CPU
		{6065EAC5-5EFE-4B02-8959-CFC0E5DD2C4D}.Release|Any CPU.Build.0 = Release|Any CPU
		{7FFF7E36-E5E5-4C50-9372-8C2CE05EDCA1}.Debug|Any CPU.ActiveCfg = Debug|Any CPU
		{7FFF7E36-E5E5-4C50-9372-8C2CE05EDCA1}.Debug|Any CPU.Build.0 = Debug|Any CPU
		{7FFF7E36-E5E5-4C50-9372-8C2CE05EDCA1}.Release|Any CPU.ActiveCfg = Release|Any CPU
		{7FFF7E36-E5E5-4C50-9372-8C2CE05EDCA1}.Release|Any CPU.Build.0 = Release|Any CPU
		{320F407C-F394-4DDE-A7C7-689C0BBBD09E}.Debug|Any CPU.ActiveCfg = Debug|Any CPU
		{320F407C-F394-4DDE-A7C7-689C0BBBD09E}.Debug|Any CPU.Build.0 = Debug|Any CPU
		{320F407C-F394-4DDE-A7C7-689C0BBBD09E}.Release|Any CPU.ActiveCfg = Release|Any CPU
		{320F407C-F394-4DDE-A7C7-689C0BBBD09E}.Release|Any CPU.Build.0 = Release|Any CPU
	EndGlobalSection
	GlobalSection(SolutionProperties) = preSolution
		HideSolutionNode = FALSE
	EndGlobalSection
EndGlobal
